
Microsoft Visual Studio Solution File, Format Version 12.00
# Visual Studio 15
VisualStudioVersion = 15.0.28307.779
MinimumVisualStudioVersion = 10.0.40219.1
Project("{FAE04EC0-301F-11D3-BF4B-00C04F79EFBC}") = "Clover.POS.Core", "Clover.POS.Core\Clover.POS.Core.csproj", "{6BD5F64B-2BDA-45BC-9124-D664665E26E0}"
EndProject
Global
	GlobalSection(SolutionConfigurationPlatforms) = preSolution
		Debug|Any CPU = Debug|Any CPU
		Release|Any CPU = Release|Any CPU
	EndGlobalSection
	GlobalSection(ProjectConfigurationPlatforms) = postSolution
		{6BD5F64B-2BDA-45BC-9124-D664665E26E0}.Debug|Any CPU.ActiveCfg = Debug|Any CPU
		{6BD5F64B-2BDA-45BC-9124-D664665E26E0}.Debug|Any CPU.Build.0 = Debug|Any CPU
		{6BD5F64B-2BDA-45BC-9124-D664665E26E0}.Release|Any CPU.ActiveCfg = Release|Any CPU
		{6BD5F64B-2BDA-45BC-9124-D664665E26E0}.Release|Any CPU.Build.0 = Release|Any CPU
	EndGlobalSection
	GlobalSection(SolutionProperties) = preSolution
		HideSolutionNode = FALSE
	EndGlobalSection
	GlobalSection(ExtensibilityGlobals) = postSolution
		SolutionGuid = {E0739336-A6E6-48F6-85C3-B564E231D9B3}
	EndGlobalSection
EndGlobal
